// !$*UTF8*$!
{
	archiveVersion = 1;
	classes = {
	};
	objectVersion = 46;
	objects = {

/* Begin PBXBuildFile section */
		66183FD41E29A1D600E984EB /* ProfileScreen.swift in Sources */ = {isa = PBXBuildFile; fileRef = 66183FD31E29A1D600E984EB /* ProfileScreen.swift */; };
		66183FDB1E2C12F400E984EB /* circleIcon.png in Resources */ = {isa = PBXBuildFile; fileRef = 66183FD51E2C12F400E984EB /* circleIcon.png */; };
		66183FDC1E2C12F400E984EB /* circleIcon@2x.png in Resources */ = {isa = PBXBuildFile; fileRef = 66183FD61E2C12F400E984EB /* circleIcon@2x.png */; };
		66183FDD1E2C12F400E984EB /* circleIcon@3x.png in Resources */ = {isa = PBXBuildFile; fileRef = 66183FD71E2C12F400E984EB /* circleIcon@3x.png */; };
		66183FDE1E2C12F400E984EB /* mailIcon.png in Resources */ = {isa = PBXBuildFile; fileRef = 66183FD81E2C12F400E984EB /* mailIcon.png */; };
		66183FDF1E2C12F400E984EB /* mailIcon@2x.png in Resources */ = {isa = PBXBuildFile; fileRef = 66183FD91E2C12F400E984EB /* mailIcon@2x.png */; };
		66183FE01E2C12F400E984EB /* mailIcon@3x.png in Resources */ = {isa = PBXBuildFile; fileRef = 66183FDA1E2C12F400E984EB /* mailIcon@3x.png */; };
		66208E591E353BCC00913D3C /* checkmark.png in Resources */ = {isa = PBXBuildFile; fileRef = 66208E561E353BCC00913D3C /* checkmark.png */; };
		66208E5A1E353BCC00913D3C /* checkmark@2x.png in Resources */ = {isa = PBXBuildFile; fileRef = 66208E571E353BCC00913D3C /* checkmark@2x.png */; };
		66208E5B1E353BCC00913D3C /* checkmark@3x.png in Resources */ = {isa = PBXBuildFile; fileRef = 66208E581E353BCC00913D3C /* checkmark@3x.png */; };
		66208E5D1E35447400913D3C /* ErrorHandler.swift in Sources */ = {isa = PBXBuildFile; fileRef = 66208E5C1E35447400913D3C /* ErrorHandler.swift */; };
		66208E5F1E3544CD00913D3C /* CustomTextFieldContainer.swift in Sources */ = {isa = PBXBuildFile; fileRef = 66208E5E1E3544CD00913D3C /* CustomTextFieldContainer.swift */; };
		66208E611E35450B00913D3C /* Validator.swift in Sources */ = {isa = PBXBuildFile; fileRef = 66208E601E35450B00913D3C /* Validator.swift */; };
		66208E631E35453600913D3C /* MessageView.swift in Sources */ = {isa = PBXBuildFile; fileRef = 66208E621E35453600913D3C /* MessageView.swift */; };
		66208E651E35455800913D3C /* LabelCustomSpacing.swift in Sources */ = {isa = PBXBuildFile; fileRef = 66208E641E35455800913D3C /* LabelCustomSpacing.swift */; };
		66208E691E354A8800913D3C /* iconCheck.png in Resources */ = {isa = PBXBuildFile; fileRef = 66208E661E354A8800913D3C /* iconCheck.png */; };
		66208E6A1E354A8800913D3C /* iconCheck@2x.png in Resources */ = {isa = PBXBuildFile; fileRef = 66208E671E354A8800913D3C /* iconCheck@2x.png */; };
		66208E6B1E354A8800913D3C /* iconCheck@3x.png in Resources */ = {isa = PBXBuildFile; fileRef = 66208E681E354A8800913D3C /* iconCheck@3x.png */; };
		663646761DE2539800E6D719 /* pop.mp3 in Resources */ = {isa = PBXBuildFile; fileRef = 663646751DE2539800E6D719 /* pop.mp3 */; };
		6636467A1DE25C7B00E6D719 /* popSound.mp3 in Resources */ = {isa = PBXBuildFile; fileRef = 663646791DE25C7B00E6D719 /* popSound.mp3 */; };
		6636467C1DE26AF400E6D719 /* LogInScreen.swift in Sources */ = {isa = PBXBuildFile; fileRef = 6636467B1DE26AF400E6D719 /* LogInScreen.swift */; };
		663646811DE2E6CE00E6D719 /* SignUpScreen.swift in Sources */ = {isa = PBXBuildFile; fileRef = 663646801DE2E6CE00E6D719 /* SignUpScreen.swift */; };
		663646831DE2E9A100E6D719 /* forgotPw.png in Resources */ = {isa = PBXBuildFile; fileRef = 663646821DE2E9A100E6D719 /* forgotPw.png */; };
		663646861DE2E9B000E6D719 /* forgotPw@2x.png in Resources */ = {isa = PBXBuildFile; fileRef = 663646841DE2E9B000E6D719 /* forgotPw@2x.png */; };
		663646871DE2E9B000E6D719 /* forgotPw@3x.png in Resources */ = {isa = PBXBuildFile; fileRef = 663646851DE2E9B000E6D719 /* forgotPw@3x.png */; };
		666EB7B71DD812F100F67EC3 /* AppDelegate.swift in Sources */ = {isa = PBXBuildFile; fileRef = 666EB7B61DD812F100F67EC3 /* AppDelegate.swift */; };
		666EB7B91DD812F100F67EC3 /* HomeScreen.swift in Sources */ = {isa = PBXBuildFile; fileRef = 666EB7B81DD812F100F67EC3 /* HomeScreen.swift */; };
		666EB7BE1DD812F100F67EC3 /* Assets.xcassets in Resources */ = {isa = PBXBuildFile; fileRef = 666EB7BD1DD812F100F67EC3 /* Assets.xcassets */; };
		666EB7C11DD812F100F67EC3 /* LaunchScreen.storyboard in Resources */ = {isa = PBXBuildFile; fileRef = 666EB7BF1DD812F100F67EC3 /* LaunchScreen.storyboard */; };
		666EB7CE1DD8137A00F67EC3 /* apptist logo.png in Resources */ = {isa = PBXBuildFile; fileRef = 666EB7C81DD8137A00F67EC3 /* apptist logo.png */; };
		666EB7D81DD84F7000F67EC3 /* Myriad-Pro-Semibold_31650.ttf in Resources */ = {isa = PBXBuildFile; fileRef = 666EB7D61DD84F5900F67EC3 /* Myriad-Pro-Semibold_31650.ttf */; };
		666EB7D91DD84F7200F67EC3 /* Myriad-Pro-Condensed_31633.ttf in Resources */ = {isa = PBXBuildFile; fileRef = 666EB7D71DD84F5900F67EC3 /* Myriad-Pro-Condensed_31633.ttf */; };
		666EB7E01DD851A000F67EC3 /* CircleButton.swift in Sources */ = {isa = PBXBuildFile; fileRef = 666EB7DF1DD851A000F67EC3 /* CircleButton.swift */; };
		666EB7E41DD94BA600F67EC3 /* PoplurScreen.swift in Sources */ = {isa = PBXBuildFile; fileRef = 666EB7E31DD94BA600F67EC3 /* PoplurScreen.swift */; };
		666EB7E61DD94C3400F67EC3 /* PoplurRemote.swift in Sources */ = {isa = PBXBuildFile; fileRef = 666EB7E51DD94C3400F67EC3 /* PoplurRemote.swift */; };
		666EB7F91DD95C7D00F67EC3 /* apptist logo.png in Resources */ = {isa = PBXBuildFile; fileRef = 666EB7EE1DD95C7D00F67EC3 /* apptist logo.png */; };
		666EB80D1DD9605700F67EC3 /* bitmap.png in Resources */ = {isa = PBXBuildFile; fileRef = 666EB8041DD9605700F67EC3 /* bitmap.png */; };
		666EB80E1DD9605700F67EC3 /* bitmap@2x.png in Resources */ = {isa = PBXBuildFile; fileRef = 666EB8051DD9605700F67EC3 /* bitmap@2x.png */; };
		666EB80F1DD9605700F67EC3 /* bitmap@3x.png in Resources */ = {isa = PBXBuildFile; fileRef = 666EB8061DD9605700F67EC3 /* bitmap@3x.png */; };
		666EB8101DD9605700F67EC3 /* login.png in Resources */ = {isa = PBXBuildFile; fileRef = 666EB8071DD9605700F67EC3 /* login.png */; };
		666EB8111DD9605700F67EC3 /* login@2x.png in Resources */ = {isa = PBXBuildFile; fileRef = 666EB8081DD9605700F67EC3 /* login@2x.png */; };
		666EB8121DD9605700F67EC3 /* login@3x.png in Resources */ = {isa = PBXBuildFile; fileRef = 666EB8091DD9605700F67EC3 /* login@3x.png */; };
		666EB8131DD9605700F67EC3 /* logo.png in Resources */ = {isa = PBXBuildFile; fileRef = 666EB80A1DD9605700F67EC3 /* logo.png */; };
		666EB8141DD9605700F67EC3 /* logo@2x.png in Resources */ = {isa = PBXBuildFile; fileRef = 666EB80B1DD9605700F67EC3 /* logo@2x.png */; };
		666EB8151DD9605700F67EC3 /* logo@3x.png in Resources */ = {isa = PBXBuildFile; fileRef = 666EB80C1DD9605700F67EC3 /* logo@3x.png */; };
		666EB8171DD966F800F67EC3 /* UIExtensions.swift in Sources */ = {isa = PBXBuildFile; fileRef = 666EB8161DD966F800F67EC3 /* UIExtensions.swift */; };
		666EB8211DD98A3200F67EC3 /* combinedShape.png in Resources */ = {isa = PBXBuildFile; fileRef = 666EB8181DD98A3200F67EC3 /* combinedShape.png */; };
		666EB8221DD98A3200F67EC3 /* combinedShape@2x.png in Resources */ = {isa = PBXBuildFile; fileRef = 666EB8191DD98A3200F67EC3 /* combinedShape@2x.png */; };
		666EB8231DD98A3200F67EC3 /* combinedShape@3x.png in Resources */ = {isa = PBXBuildFile; fileRef = 666EB81A1DD98A3200F67EC3 /* combinedShape@3x.png */; };
		666EB8241DD98A3200F67EC3 /* downarrow.png in Resources */ = {isa = PBXBuildFile; fileRef = 666EB81B1DD98A3200F67EC3 /* downarrow.png */; };
		666EB8251DD98A3200F67EC3 /* downarrow@2x.png in Resources */ = {isa = PBXBuildFile; fileRef = 666EB81C1DD98A3200F67EC3 /* downarrow@2x.png */; };
		666EB8261DD98A3200F67EC3 /* downarrow@3x.png in Resources */ = {isa = PBXBuildFile; fileRef = 666EB81D1DD98A3200F67EC3 /* downarrow@3x.png */; };
		666EB8271DD98A3200F67EC3 /* leftarrow.png in Resources */ = {isa = PBXBuildFile; fileRef = 666EB81E1DD98A3200F67EC3 /* leftarrow.png */; };
		666EB8281DD98A3200F67EC3 /* leftarrow@2x.png in Resources */ = {isa = PBXBuildFile; fileRef = 666EB81F1DD98A3200F67EC3 /* leftarrow@2x.png */; };
		666EB8291DD98A3200F67EC3 /* leftarrow@3x.png in Resources */ = {isa = PBXBuildFile; fileRef = 666EB8201DD98A3200F67EC3 /* leftarrow@3x.png */; };
		666EB8301DD98A4500F67EC3 /* rightarrow.png in Resources */ = {isa = PBXBuildFile; fileRef = 666EB82A1DD98A4500F67EC3 /* rightarrow.png */; };
		666EB8311DD98A4500F67EC3 /* rightarrow@2x.png in Resources */ = {isa = PBXBuildFile; fileRef = 666EB82B1DD98A4500F67EC3 /* rightarrow@2x.png */; };
		666EB8321DD98A4500F67EC3 /* rightarrow@3x.png in Resources */ = {isa = PBXBuildFile; fileRef = 666EB82C1DD98A4500F67EC3 /* rightarrow@3x.png */; };
		666EB8331DD98A4500F67EC3 /* uparrow.png in Resources */ = {isa = PBXBuildFile; fileRef = 666EB82D1DD98A4500F67EC3 /* uparrow.png */; };
		666EB8341DD98A4500F67EC3 /* uparrow@2x.png in Resources */ = {isa = PBXBuildFile; fileRef = 666EB82E1DD98A4500F67EC3 /* uparrow@2x.png */; };
		666EB8351DD98A4500F67EC3 /* uparrow@3x.png in Resources */ = {isa = PBXBuildFile; fileRef = 666EB82F1DD98A4500F67EC3 /* uparrow@3x.png */; };
		66705F7B1E26CE760040939A /* Icon-60@2x.png in Resources */ = {isa = PBXBuildFile; fileRef = 66705F701E26CE760040939A /* Icon-60@2x.png */; };
		66705F7C1E26CE760040939A /* Icon-60@3x.png in Resources */ = {isa = PBXBuildFile; fileRef = 66705F711E26CE760040939A /* Icon-60@3x.png */; };
		66705F7D1E26CE760040939A /* Icon-Notification@2x.png in Resources */ = {isa = PBXBuildFile; fileRef = 66705F721E26CE760040939A /* Icon-Notification@2x.png */; };
		66705F7E1E26CE760040939A /* Icon-Notification@3x.png in Resources */ = {isa = PBXBuildFile; fileRef = 66705F731E26CE760040939A /* Icon-Notification@3x.png */; };
		66705F7F1E26CE760040939A /* Icon-Small-40@2x.png in Resources */ = {isa = PBXBuildFile; fileRef = 66705F741E26CE760040939A /* Icon-Small-40@2x.png */; };
		66705F801E26CE760040939A /* Icon-Small-40@3x.png in Resources */ = {isa = PBXBuildFile; fileRef = 66705F751E26CE760040939A /* Icon-Small-40@3x.png */; };
		66705F811E26CE760040939A /* Icon-Small.png in Resources */ = {isa = PBXBuildFile; fileRef = 66705F761E26CE760040939A /* Icon-Small.png */; };
		66705F821E26CE760040939A /* Icon-Small@2x.png in Resources */ = {isa = PBXBuildFile; fileRef = 66705F771E26CE760040939A /* Icon-Small@2x.png */; };
		66705F831E26CE760040939A /* Icon-Small@3x.png in Resources */ = {isa = PBXBuildFile; fileRef = 66705F781E26CE760040939A /* Icon-Small@3x.png */; };
		66705F841E26CE760040939A /* Icon.png in Resources */ = {isa = PBXBuildFile; fileRef = 66705F791E26CE760040939A /* Icon.png */; };
		66705F851E26CE760040939A /* Icon@2x.png in Resources */ = {isa = PBXBuildFile; fileRef = 66705F7A1E26CE760040939A /* Icon@2x.png */; };
		668720081DE9116300696140 /* UIBannerView.swift in Sources */ = {isa = PBXBuildFile; fileRef = 668720071DE9116300696140 /* UIBannerView.swift */; };
		66ADCB011E05C5C6007B331D /* PoplurScreenManager.swift in Sources */ = {isa = PBXBuildFile; fileRef = 66ADCB001E05C5C6007B331D /* PoplurScreenManager.swift */; };
		66FEE8141E26D95D001C3B2F /* Main.storyboard in Resources */ = {isa = PBXBuildFile; fileRef = 66FEE8131E26D95D001C3B2F /* Main.storyboard */; };
		66FEE8161E26DA6A001C3B2F /* CameraViewController.swift in Sources */ = {isa = PBXBuildFile; fileRef = 66FEE8151E26DA6A001C3B2F /* CameraViewController.swift */; };
		66FEE8181E26DA75001C3B2F /* CameraVCCopy.swift in Sources */ = {isa = PBXBuildFile; fileRef = 66FEE8171E26DA75001C3B2F /* CameraVCCopy.swift */; };
		926238C8C5D31F027D6515AA /* Pods_Poplur.framework in Frameworks */ = {isa = PBXBuildFile; fileRef = 64D31A36889BA5C96D6F9467 /* Pods_Poplur.framework */; };
		9298DE261DE3B25600A4598F /* CameraVC.swift in Sources */ = {isa = PBXBuildFile; fileRef = 9298DE251DE3B25600A4598F /* CameraVC.swift */; };
		92F4B8771DE533D500048EB2 /* AssetUploadingDelegate.swift in Sources */ = {isa = PBXBuildFile; fileRef = 92F4B8761DE533D500048EB2 /* AssetUploadingDelegate.swift */; };
		92F4B8791DE533E900048EB2 /* User.swift in Sources */ = {isa = PBXBuildFile; fileRef = 92F4B8781DE533E900048EB2 /* User.swift */; };
		92F4B87B1DE533FD00048EB2 /* PreviewView.swift in Sources */ = {isa = PBXBuildFile; fileRef = 92F4B87A1DE533FD00048EB2 /* PreviewView.swift */; };
		92F4B87D1DE5342100048EB2 /* PhotoCaptureDelegate.swift in Sources */ = {isa = PBXBuildFile; fileRef = 92F4B87C1DE5342100048EB2 /* PhotoCaptureDelegate.swift */; };
		92F4B87F1DE5344400048EB2 /* AfterPostView.swift in Sources */ = {isa = PBXBuildFile; fileRef = 92F4B87E1DE5344400048EB2 /* AfterPostView.swift */; };
		92FD3EB11DE531B3009341C9 /* AuthService.swift in Sources */ = {isa = PBXBuildFile; fileRef = 92FD3EB01DE531B3009341C9 /* AuthService.swift */; };
		92FD3EB31DE531C8009341C9 /* DataService.swift in Sources */ = {isa = PBXBuildFile; fileRef = 92FD3EB21DE531C8009341C9 /* DataService.swift */; };
		92FD3EB51DE53251009341C9 /* GoogleService-Info.plist in Resources */ = {isa = PBXBuildFile; fileRef = 92FD3EB41DE53251009341C9 /* GoogleService-Info.plist */; };
/* End PBXBuildFile section */

/* Begin PBXFileReference section */
		64D31A36889BA5C96D6F9467 /* Pods_Poplur.framework */ = {isa = PBXFileReference; explicitFileType = wrapper.framework; includeInIndex = 0; path = Pods_Poplur.framework; sourceTree = BUILT_PRODUCTS_DIR; };
		66183FD31E29A1D600E984EB /* ProfileScreen.swift */ = {isa = PBXFileReference; fileEncoding = 4; lastKnownFileType = sourcecode.swift; path = ProfileScreen.swift; sourceTree = "<group>"; };
		66183FD51E2C12F400E984EB /* circleIcon.png */ = {isa = PBXFileReference; lastKnownFileType = image.png; path = circleIcon.png; sourceTree = "<group>"; };
		66183FD61E2C12F400E984EB /* circleIcon@2x.png */ = {isa = PBXFileReference; lastKnownFileType = image.png; path = "circleIcon@2x.png"; sourceTree = "<group>"; };
		66183FD71E2C12F400E984EB /* circleIcon@3x.png */ = {isa = PBXFileReference; lastKnownFileType = image.png; path = "circleIcon@3x.png"; sourceTree = "<group>"; };
		66183FD81E2C12F400E984EB /* mailIcon.png */ = {isa = PBXFileReference; lastKnownFileType = image.png; path = mailIcon.png; sourceTree = "<group>"; };
		66183FD91E2C12F400E984EB /* mailIcon@2x.png */ = {isa = PBXFileReference; lastKnownFileType = image.png; path = "mailIcon@2x.png"; sourceTree = "<group>"; };
		66183FDA1E2C12F400E984EB /* mailIcon@3x.png */ = {isa = PBXFileReference; lastKnownFileType = image.png; path = "mailIcon@3x.png"; sourceTree = "<group>"; };
		66208E561E353BCC00913D3C /* checkmark.png */ = {isa = PBXFileReference; lastKnownFileType = image.png; path = checkmark.png; sourceTree = "<group>"; };
		66208E571E353BCC00913D3C /* checkmark@2x.png */ = {isa = PBXFileReference; lastKnownFileType = image.png; path = "checkmark@2x.png"; sourceTree = "<group>"; };
		66208E581E353BCC00913D3C /* checkmark@3x.png */ = {isa = PBXFileReference; lastKnownFileType = image.png; path = "checkmark@3x.png"; sourceTree = "<group>"; };
		66208E5C1E35447400913D3C /* ErrorHandler.swift */ = {isa = PBXFileReference; fileEncoding = 4; lastKnownFileType = sourcecode.swift; path = ErrorHandler.swift; sourceTree = "<group>"; };
		66208E5E1E3544CD00913D3C /* CustomTextFieldContainer.swift */ = {isa = PBXFileReference; fileEncoding = 4; lastKnownFileType = sourcecode.swift; path = CustomTextFieldContainer.swift; sourceTree = "<group>"; };
		66208E601E35450B00913D3C /* Validator.swift */ = {isa = PBXFileReference; fileEncoding = 4; lastKnownFileType = sourcecode.swift; path = Validator.swift; sourceTree = "<group>"; };
		66208E621E35453600913D3C /* MessageView.swift */ = {isa = PBXFileReference; fileEncoding = 4; lastKnownFileType = sourcecode.swift; path = MessageView.swift; sourceTree = "<group>"; };
		66208E641E35455800913D3C /* LabelCustomSpacing.swift */ = {isa = PBXFileReference; fileEncoding = 4; lastKnownFileType = sourcecode.swift; path = LabelCustomSpacing.swift; sourceTree = "<group>"; };
		66208E661E354A8800913D3C /* iconCheck.png */ = {isa = PBXFileReference; lastKnownFileType = image.png; name = iconCheck.png; path = icons/iPhone/iPhone/iconCheck.png; sourceTree = "<group>"; };
		66208E671E354A8800913D3C /* iconCheck@2x.png */ = {isa = PBXFileReference; lastKnownFileType = image.png; name = "iconCheck@2x.png"; path = "icons/iPhone/iPhone/iconCheck@2x.png"; sourceTree = "<group>"; };
		66208E681E354A8800913D3C /* iconCheck@3x.png */ = {isa = PBXFileReference; lastKnownFileType = image.png; name = "iconCheck@3x.png"; path = "icons/iPhone/iPhone/iconCheck@3x.png"; sourceTree = "<group>"; };
		663646751DE2539800E6D719 /* pop.mp3 */ = {isa = PBXFileReference; lastKnownFileType = audio.mp3; path = pop.mp3; sourceTree = "<group>"; };
		663646791DE25C7B00E6D719 /* popSound.mp3 */ = {isa = PBXFileReference; lastKnownFileType = audio.mp3; path = popSound.mp3; sourceTree = "<group>"; };
		6636467B1DE26AF400E6D719 /* LogInScreen.swift */ = {isa = PBXFileReference; fileEncoding = 4; lastKnownFileType = sourcecode.swift; path = LogInScreen.swift; sourceTree = "<group>"; };
		663646801DE2E6CE00E6D719 /* SignUpScreen.swift */ = {isa = PBXFileReference; fileEncoding = 4; lastKnownFileType = sourcecode.swift; path = SignUpScreen.swift; sourceTree = "<group>"; };
		663646821DE2E9A100E6D719 /* forgotPw.png */ = {isa = PBXFileReference; lastKnownFileType = image.png; path = forgotPw.png; sourceTree = "<group>"; };
		663646841DE2E9B000E6D719 /* forgotPw@2x.png */ = {isa = PBXFileReference; lastKnownFileType = image.png; path = "forgotPw@2x.png"; sourceTree = "<group>"; };
		663646851DE2E9B000E6D719 /* forgotPw@3x.png */ = {isa = PBXFileReference; lastKnownFileType = image.png; path = "forgotPw@3x.png"; sourceTree = "<group>"; };
		666EB7B31DD812F100F67EC3 /* Poplur.app */ = {isa = PBXFileReference; explicitFileType = wrapper.application; includeInIndex = 0; path = Poplur.app; sourceTree = BUILT_PRODUCTS_DIR; };
		666EB7B61DD812F100F67EC3 /* AppDelegate.swift */ = {isa = PBXFileReference; lastKnownFileType = sourcecode.swift; path = AppDelegate.swift; sourceTree = "<group>"; };
		666EB7B81DD812F100F67EC3 /* HomeScreen.swift */ = {isa = PBXFileReference; lastKnownFileType = sourcecode.swift; path = HomeScreen.swift; sourceTree = "<group>"; };
		666EB7BD1DD812F100F67EC3 /* Assets.xcassets */ = {isa = PBXFileReference; lastKnownFileType = folder.assetcatalog; path = Assets.xcassets; sourceTree = "<group>"; };
		666EB7C01DD812F100F67EC3 /* Base */ = {isa = PBXFileReference; lastKnownFileType = file.storyboard; name = Base; path = Base.lproj/LaunchScreen.storyboard; sourceTree = "<group>"; };
		666EB7C21DD812F100F67EC3 /* Info.plist */ = {isa = PBXFileReference; lastKnownFileType = text.plist.xml; path = Info.plist; sourceTree = "<group>"; };
		666EB7C81DD8137A00F67EC3 /* apptist logo.png */ = {isa = PBXFileReference; lastKnownFileType = image.png; path = "apptist logo.png"; sourceTree = "<group>"; };
		666EB7D61DD84F5900F67EC3 /* Myriad-Pro-Semibold_31650.ttf */ = {isa = PBXFileReference; lastKnownFileType = file; path = "Myriad-Pro-Semibold_31650.ttf"; sourceTree = "<group>"; };
		666EB7D71DD84F5900F67EC3 /* Myriad-Pro-Condensed_31633.ttf */ = {isa = PBXFileReference; lastKnownFileType = file; path = "Myriad-Pro-Condensed_31633.ttf"; sourceTree = "<group>"; };
		666EB7DF1DD851A000F67EC3 /* CircleButton.swift */ = {isa = PBXFileReference; fileEncoding = 4; lastKnownFileType = sourcecode.swift; path = CircleButton.swift; sourceTree = "<group>"; };
		666EB7E31DD94BA600F67EC3 /* PoplurScreen.swift */ = {isa = PBXFileReference; fileEncoding = 4; lastKnownFileType = sourcecode.swift; path = PoplurScreen.swift; sourceTree = "<group>"; };
		666EB7E51DD94C3400F67EC3 /* PoplurRemote.swift */ = {isa = PBXFileReference; fileEncoding = 4; lastKnownFileType = sourcecode.swift; path = PoplurRemote.swift; sourceTree = "<group>"; };
		666EB7EE1DD95C7D00F67EC3 /* apptist logo.png */ = {isa = PBXFileReference; lastKnownFileType = image.png; path = "apptist logo.png"; sourceTree = "<group>"; };
		666EB8041DD9605700F67EC3 /* bitmap.png */ = {isa = PBXFileReference; lastKnownFileType = image.png; path = bitmap.png; sourceTree = "<group>"; };
		666EB8051DD9605700F67EC3 /* bitmap@2x.png */ = {isa = PBXFileReference; lastKnownFileType = image.png; path = "bitmap@2x.png"; sourceTree = "<group>"; };
		666EB8061DD9605700F67EC3 /* bitmap@3x.png */ = {isa = PBXFileReference; lastKnownFileType = image.png; path = "bitmap@3x.png"; sourceTree = "<group>"; };
		666EB8071DD9605700F67EC3 /* login.png */ = {isa = PBXFileReference; lastKnownFileType = image.png; path = login.png; sourceTree = "<group>"; };
		666EB8081DD9605700F67EC3 /* login@2x.png */ = {isa = PBXFileReference; lastKnownFileType = image.png; path = "login@2x.png"; sourceTree = "<group>"; };
		666EB8091DD9605700F67EC3 /* login@3x.png */ = {isa = PBXFileReference; lastKnownFileType = image.png; path = "login@3x.png"; sourceTree = "<group>"; };
		666EB80A1DD9605700F67EC3 /* logo.png */ = {isa = PBXFileReference; lastKnownFileType = image.png; path = logo.png; sourceTree = "<group>"; };
		666EB80B1DD9605700F67EC3 /* logo@2x.png */ = {isa = PBXFileReference; lastKnownFileType = image.png; path = "logo@2x.png"; sourceTree = "<group>"; };
		666EB80C1DD9605700F67EC3 /* logo@3x.png */ = {isa = PBXFileReference; lastKnownFileType = image.png; path = "logo@3x.png"; sourceTree = "<group>"; };
		666EB8161DD966F800F67EC3 /* UIExtensions.swift */ = {isa = PBXFileReference; fileEncoding = 4; lastKnownFileType = sourcecode.swift; path = UIExtensions.swift; sourceTree = "<group>"; };
		666EB8181DD98A3200F67EC3 /* combinedShape.png */ = {isa = PBXFileReference; lastKnownFileType = image.png; path = combinedShape.png; sourceTree = "<group>"; };
		666EB8191DD98A3200F67EC3 /* combinedShape@2x.png */ = {isa = PBXFileReference; lastKnownFileType = image.png; path = "combinedShape@2x.png"; sourceTree = "<group>"; };
		666EB81A1DD98A3200F67EC3 /* combinedShape@3x.png */ = {isa = PBXFileReference; lastKnownFileType = image.png; path = "combinedShape@3x.png"; sourceTree = "<group>"; };
		666EB81B1DD98A3200F67EC3 /* downarrow.png */ = {isa = PBXFileReference; lastKnownFileType = image.png; path = downarrow.png; sourceTree = "<group>"; };
		666EB81C1DD98A3200F67EC3 /* downarrow@2x.png */ = {isa = PBXFileReference; lastKnownFileType = image.png; path = "downarrow@2x.png"; sourceTree = "<group>"; };
		666EB81D1DD98A3200F67EC3 /* downarrow@3x.png */ = {isa = PBXFileReference; lastKnownFileType = image.png; path = "downarrow@3x.png"; sourceTree = "<group>"; };
		666EB81E1DD98A3200F67EC3 /* leftarrow.png */ = {isa = PBXFileReference; lastKnownFileType = image.png; path = leftarrow.png; sourceTree = "<group>"; };
		666EB81F1DD98A3200F67EC3 /* leftarrow@2x.png */ = {isa = PBXFileReference; lastKnownFileType = image.png; path = "leftarrow@2x.png"; sourceTree = "<group>"; };
		666EB8201DD98A3200F67EC3 /* leftarrow@3x.png */ = {isa = PBXFileReference; lastKnownFileType = image.png; path = "leftarrow@3x.png"; sourceTree = "<group>"; };
		666EB82A1DD98A4500F67EC3 /* rightarrow.png */ = {isa = PBXFileReference; lastKnownFileType = image.png; path = rightarrow.png; sourceTree = "<group>"; };
		666EB82B1DD98A4500F67EC3 /* rightarrow@2x.png */ = {isa = PBXFileReference; lastKnownFileType = image.png; path = "rightarrow@2x.png"; sourceTree = "<group>"; };
		666EB82C1DD98A4500F67EC3 /* rightarrow@3x.png */ = {isa = PBXFileReference; lastKnownFileType = image.png; path = "rightarrow@3x.png"; sourceTree = "<group>"; };
		666EB82D1DD98A4500F67EC3 /* uparrow.png */ = {isa = PBXFileReference; lastKnownFileType = image.png; path = uparrow.png; sourceTree = "<group>"; };
		666EB82E1DD98A4500F67EC3 /* uparrow@2x.png */ = {isa = PBXFileReference; lastKnownFileType = image.png; path = "uparrow@2x.png"; sourceTree = "<group>"; };
		666EB82F1DD98A4500F67EC3 /* uparrow@3x.png */ = {isa = PBXFileReference; lastKnownFileType = image.png; path = "uparrow@3x.png"; sourceTree = "<group>"; };
		66705F701E26CE760040939A /* Icon-60@2x.png */ = {isa = PBXFileReference; lastKnownFileType = image.png; path = "Icon-60@2x.png"; sourceTree = "<group>"; };
		66705F711E26CE760040939A /* Icon-60@3x.png */ = {isa = PBXFileReference; lastKnownFileType = image.png; path = "Icon-60@3x.png"; sourceTree = "<group>"; };
		66705F721E26CE760040939A /* Icon-Notification@2x.png */ = {isa = PBXFileReference; lastKnownFileType = image.png; path = "Icon-Notification@2x.png"; sourceTree = "<group>"; };
		66705F731E26CE760040939A /* Icon-Notification@3x.png */ = {isa = PBXFileReference; lastKnownFileType = image.png; path = "Icon-Notification@3x.png"; sourceTree = "<group>"; };
		66705F741E26CE760040939A /* Icon-Small-40@2x.png */ = {isa = PBXFileReference; lastKnownFileType = image.png; path = "Icon-Small-40@2x.png"; sourceTree = "<group>"; };
		66705F751E26CE760040939A /* Icon-Small-40@3x.png */ = {isa = PBXFileReference; lastKnownFileType = image.png; path = "Icon-Small-40@3x.png"; sourceTree = "<group>"; };
		66705F761E26CE760040939A /* Icon-Small.png */ = {isa = PBXFileReference; lastKnownFileType = image.png; path = "Icon-Small.png"; sourceTree = "<group>"; };
		66705F771E26CE760040939A /* Icon-Small@2x.png */ = {isa = PBXFileReference; lastKnownFileType = image.png; path = "Icon-Small@2x.png"; sourceTree = "<group>"; };
		66705F781E26CE760040939A /* Icon-Small@3x.png */ = {isa = PBXFileReference; lastKnownFileType = image.png; path = "Icon-Small@3x.png"; sourceTree = "<group>"; };
		66705F791E26CE760040939A /* Icon.png */ = {isa = PBXFileReference; lastKnownFileType = image.png; path = Icon.png; sourceTree = "<group>"; };
		66705F7A1E26CE760040939A /* Icon@2x.png */ = {isa = PBXFileReference; lastKnownFileType = image.png; path = "Icon@2x.png"; sourceTree = "<group>"; };
		668720071DE9116300696140 /* UIBannerView.swift */ = {isa = PBXFileReference; fileEncoding = 4; lastKnownFileType = sourcecode.swift; path = UIBannerView.swift; sourceTree = "<group>"; };
		66ADCB001E05C5C6007B331D /* PoplurScreenManager.swift */ = {isa = PBXFileReference; fileEncoding = 4; lastKnownFileType = sourcecode.swift; path = PoplurScreenManager.swift; sourceTree = "<group>"; };
		66FEE8131E26D95D001C3B2F /* Main.storyboard */ = {isa = PBXFileReference; fileEncoding = 4; lastKnownFileType = file.storyboard; path = Main.storyboard; sourceTree = "<group>"; };
		66FEE8151E26DA6A001C3B2F /* CameraViewController.swift */ = {isa = PBXFileReference; fileEncoding = 4; lastKnownFileType = sourcecode.swift; path = CameraViewController.swift; sourceTree = "<group>"; };
		66FEE8171E26DA75001C3B2F /* CameraVCCopy.swift */ = {isa = PBXFileReference; fileEncoding = 4; lastKnownFileType = sourcecode.swift; path = CameraVCCopy.swift; sourceTree = "<group>"; };
		9298DE251DE3B25600A4598F /* CameraVC.swift */ = {isa = PBXFileReference; fileEncoding = 4; lastKnownFileType = sourcecode.swift; path = CameraVC.swift; sourceTree = "<group>"; };
		92F4B8761DE533D500048EB2 /* AssetUploadingDelegate.swift */ = {isa = PBXFileReference; fileEncoding = 4; lastKnownFileType = sourcecode.swift; path = AssetUploadingDelegate.swift; sourceTree = "<group>"; };
		92F4B8781DE533E900048EB2 /* User.swift */ = {isa = PBXFileReference; fileEncoding = 4; lastKnownFileType = sourcecode.swift; path = User.swift; sourceTree = "<group>"; };
		92F4B87A1DE533FD00048EB2 /* PreviewView.swift */ = {isa = PBXFileReference; fileEncoding = 4; lastKnownFileType = sourcecode.swift; path = PreviewView.swift; sourceTree = "<group>"; };
		92F4B87C1DE5342100048EB2 /* PhotoCaptureDelegate.swift */ = {isa = PBXFileReference; fileEncoding = 4; lastKnownFileType = sourcecode.swift; path = PhotoCaptureDelegate.swift; sourceTree = "<group>"; };
		92F4B87E1DE5344400048EB2 /* AfterPostView.swift */ = {isa = PBXFileReference; fileEncoding = 4; lastKnownFileType = sourcecode.swift; path = AfterPostView.swift; sourceTree = "<group>"; };
		92FD3EB01DE531B3009341C9 /* AuthService.swift */ = {isa = PBXFileReference; fileEncoding = 4; lastKnownFileType = sourcecode.swift; path = AuthService.swift; sourceTree = "<group>"; };
		92FD3EB21DE531C8009341C9 /* DataService.swift */ = {isa = PBXFileReference; fileEncoding = 4; lastKnownFileType = sourcecode.swift; path = DataService.swift; sourceTree = "<group>"; };
		92FD3EB41DE53251009341C9 /* GoogleService-Info.plist */ = {isa = PBXFileReference; fileEncoding = 4; lastKnownFileType = text.plist.xml; path = "GoogleService-Info.plist"; sourceTree = "<group>"; };
		BE16A0DFFEE7307652C33F12 /* Pods-Poplur.debug.xcconfig */ = {isa = PBXFileReference; includeInIndex = 1; lastKnownFileType = text.xcconfig; name = "Pods-Poplur.debug.xcconfig"; path = "Pods/Target Support Files/Pods-Poplur/Pods-Poplur.debug.xcconfig"; sourceTree = "<group>"; };
		CE37EA12C7E5E81D1F58AD3F /* Pods-Poplur.release.xcconfig */ = {isa = PBXFileReference; includeInIndex = 1; lastKnownFileType = text.xcconfig; name = "Pods-Poplur.release.xcconfig"; path = "Pods/Target Support Files/Pods-Poplur/Pods-Poplur.release.xcconfig"; sourceTree = "<group>"; };
/* End PBXFileReference section */

/* Begin PBXFrameworksBuildPhase section */
		666EB7B01DD812F000F67EC3 /* Frameworks */ = {
			isa = PBXFrameworksBuildPhase;
			buildActionMask = 2147483647;
			files = (
				926238C8C5D31F027D6515AA /* Pods_Poplur.framework in Frameworks */,
			);
			runOnlyForDeploymentPostprocessing = 0;
		};
/* End PBXFrameworksBuildPhase section */

/* Begin PBXGroup section */
		33F1DA9A01683A21306797BF /* Frameworks */ = {
			isa = PBXGroup;
			children = (
				64D31A36889BA5C96D6F9467 /* Pods_Poplur.framework */,
			);
			name = Frameworks;
			sourceTree = "<group>";
		};
		66183FE11E2C13E600E984EB /* PoplurClasses */ = {
			isa = PBXGroup;
			children = (
				666EB7E51DD94C3400F67EC3 /* PoplurRemote.swift */,
				666EB7E31DD94BA600F67EC3 /* PoplurScreen.swift */,
				66ADCB001E05C5C6007B331D /* PoplurScreenManager.swift */,
			);
			name = PoplurClasses;
			sourceTree = "<group>";
		};
		663646741DE2539800E6D719 /* sounds */ = {
			isa = PBXGroup;
			children = (
				663646791DE25C7B00E6D719 /* popSound.mp3 */,
				663646751DE2539800E6D719 /* pop.mp3 */,
			);
			path = sounds;
			sourceTree = "<group>";
		};
		6636467D1DE2CEE300E6D719 /* Controller */ = {
			isa = PBXGroup;
			children = (
				666EB7B81DD812F100F67EC3 /* HomeScreen.swift */,
				6636467B1DE26AF400E6D719 /* LogInScreen.swift */,
				663646801DE2E6CE00E6D719 /* SignUpScreen.swift */,
				9298DE251DE3B25600A4598F /* CameraVC.swift */,
				66183FD31E29A1D600E984EB /* ProfileScreen.swift */,
			);
			name = Controller;
			sourceTree = "<group>";
		};
		6636467E1DE2CEF200E6D719 /* View */ = {
			isa = PBXGroup;
			children = (
				666EB7BF1DD812F100F67EC3 /* LaunchScreen.storyboard */,
				66FEE8131E26D95D001C3B2F /* Main.storyboard */,
			);
			name = View;
			sourceTree = "<group>";
		};
		6636467F1DE2CEFE00E6D719 /* Model */ = {
			isa = PBXGroup;
			children = (
				92FD3EB01DE531B3009341C9 /* AuthService.swift */,
				92FD3EB21DE531C8009341C9 /* DataService.swift */,
				92F4B8781DE533E900048EB2 /* User.swift */,
			);
			name = Model;
			sourceTree = "<group>";
		};
		666EB7AA1DD812F000F67EC3 = {
			isa = PBXGroup;
			children = (
				663646741DE2539800E6D719 /* sounds */,
				666EB7ED1DD95C7D00F67EC3 /* images */,
				666EB7B51DD812F100F67EC3 /* Poplur */,
				666EB7B41DD812F100F67EC3 /* Products */,
				92FD3EB41DE53251009341C9 /* GoogleService-Info.plist */,
				666EB7C81DD8137A00F67EC3 /* apptist logo.png */,
				666EB7D61DD84F5900F67EC3 /* Myriad-Pro-Semibold_31650.ttf */,
				666EB7D71DD84F5900F67EC3 /* Myriad-Pro-Condensed_31633.ttf */,
				A2295548DB6DB220CAD32D42 /* Pods */,
				33F1DA9A01683A21306797BF /* Frameworks */,
			);
			sourceTree = "<group>";
		};
		666EB7B41DD812F100F67EC3 /* Products */ = {
			isa = PBXGroup;
			children = (
				666EB7B31DD812F100F67EC3 /* Poplur.app */,
			);
			name = Products;
			sourceTree = "<group>";
		};
		666EB7B51DD812F100F67EC3 /* Poplur */ = {
			isa = PBXGroup;
			children = (
				666EB7B61DD812F100F67EC3 /* AppDelegate.swift */,
				6636467F1DE2CEFE00E6D719 /* Model */,
				6636467E1DE2CEF200E6D719 /* View */,
				66183FE11E2C13E600E984EB /* PoplurClasses */,
				6636467D1DE2CEE300E6D719 /* Controller */,
				666EB7DE1DD8518600F67EC3 /* Common */,
				666EB7BD1DD812F100F67EC3 /* Assets.xcassets */,
				666EB7C21DD812F100F67EC3 /* Info.plist */,
			);
			path = Poplur;
			sourceTree = "<group>";
		};
		666EB7DE1DD8518600F67EC3 /* Common */ = {
			isa = PBXGroup;
			children = (
				66FEE8171E26DA75001C3B2F /* CameraVCCopy.swift */,
				66FEE8151E26DA6A001C3B2F /* CameraViewController.swift */,
				92F4B87E1DE5344400048EB2 /* AfterPostView.swift */,
				92F4B87A1DE533FD00048EB2 /* PreviewView.swift */,
				92F4B87C1DE5342100048EB2 /* PhotoCaptureDelegate.swift */,
				666EB7DF1DD851A000F67EC3 /* CircleButton.swift */,
				666EB8161DD966F800F67EC3 /* UIExtensions.swift */,
				92F4B8761DE533D500048EB2 /* AssetUploadingDelegate.swift */,
				668720071DE9116300696140 /* UIBannerView.swift */,
				66208E5C1E35447400913D3C /* ErrorHandler.swift */,
				66208E5E1E3544CD00913D3C /* CustomTextFieldContainer.swift */,
				66208E601E35450B00913D3C /* Validator.swift */,
				66208E621E35453600913D3C /* MessageView.swift */,
				66208E641E35455800913D3C /* LabelCustomSpacing.swift */,
			);
			name = Common;
			sourceTree = "<group>";
		};
		666EB7ED1DD95C7D00F67EC3 /* images */ = {
			isa = PBXGroup;
			children = (
				66208E561E353BCC00913D3C /* checkmark.png */,
				66208E571E353BCC00913D3C /* checkmark@2x.png */,
				66208E581E353BCC00913D3C /* checkmark@3x.png */,
				66183FD51E2C12F400E984EB /* circleIcon.png */,
				66183FD61E2C12F400E984EB /* circleIcon@2x.png */,
				66183FD71E2C12F400E984EB /* circleIcon@3x.png */,
				66183FD81E2C12F400E984EB /* mailIcon.png */,
				66183FD91E2C12F400E984EB /* mailIcon@2x.png */,
				66183FDA1E2C12F400E984EB /* mailIcon@3x.png */,
				66208E661E354A8800913D3C /* iconCheck.png */,
				66208E671E354A8800913D3C /* iconCheck@2x.png */,
				66208E681E354A8800913D3C /* iconCheck@3x.png */,
				66705F6F1E26CE760040939A /* iPhone */,
				663646841DE2E9B000E6D719 /* forgotPw@2x.png */,
				663646851DE2E9B000E6D719 /* forgotPw@3x.png */,
				663646821DE2E9A100E6D719 /* forgotPw.png */,
				666EB82A1DD98A4500F67EC3 /* rightarrow.png */,
				666EB82B1DD98A4500F67EC3 /* rightarrow@2x.png */,
				666EB82C1DD98A4500F67EC3 /* rightarrow@3x.png */,
				666EB82D1DD98A4500F67EC3 /* uparrow.png */,
				666EB82E1DD98A4500F67EC3 /* uparrow@2x.png */,
				666EB82F1DD98A4500F67EC3 /* uparrow@3x.png */,
				666EB8181DD98A3200F67EC3 /* combinedShape.png */,
				666EB8191DD98A3200F67EC3 /* combinedShape@2x.png */,
				666EB81A1DD98A3200F67EC3 /* combinedShape@3x.png */,
				666EB81B1DD98A3200F67EC3 /* downarrow.png */,
				666EB81C1DD98A3200F67EC3 /* downarrow@2x.png */,
				666EB81D1DD98A3200F67EC3 /* downarrow@3x.png */,
				666EB81E1DD98A3200F67EC3 /* leftarrow.png */,
				666EB81F1DD98A3200F67EC3 /* leftarrow@2x.png */,
				666EB8201DD98A3200F67EC3 /* leftarrow@3x.png */,
				666EB8041DD9605700F67EC3 /* bitmap.png */,
				666EB8051DD9605700F67EC3 /* bitmap@2x.png */,
				666EB8061DD9605700F67EC3 /* bitmap@3x.png */,
				666EB8071DD9605700F67EC3 /* login.png */,
				666EB8081DD9605700F67EC3 /* login@2x.png */,
				666EB8091DD9605700F67EC3 /* login@3x.png */,
				666EB80A1DD9605700F67EC3 /* logo.png */,
				666EB80B1DD9605700F67EC3 /* logo@2x.png */,
				666EB80C1DD9605700F67EC3 /* logo@3x.png */,
				666EB7EE1DD95C7D00F67EC3 /* apptist logo.png */,
			);
			path = images;
			sourceTree = "<group>";
		};
		66705F6F1E26CE760040939A /* iPhone */ = {
			isa = PBXGroup;
			children = (
				66705F701E26CE760040939A /* Icon-60@2x.png */,
				66705F711E26CE760040939A /* Icon-60@3x.png */,
				66705F721E26CE760040939A /* Icon-Notification@2x.png */,
				66705F731E26CE760040939A /* Icon-Notification@3x.png */,
				66705F741E26CE760040939A /* Icon-Small-40@2x.png */,
				66705F751E26CE760040939A /* Icon-Small-40@3x.png */,
				66705F761E26CE760040939A /* Icon-Small.png */,
				66705F771E26CE760040939A /* Icon-Small@2x.png */,
				66705F781E26CE760040939A /* Icon-Small@3x.png */,
				66705F791E26CE760040939A /* Icon.png */,
				66705F7A1E26CE760040939A /* Icon@2x.png */,
			);
			name = iPhone;
			path = icons/iPhone/iPhone;
			sourceTree = "<group>";
		};
		A2295548DB6DB220CAD32D42 /* Pods */ = {
			isa = PBXGroup;
			children = (
				BE16A0DFFEE7307652C33F12 /* Pods-Poplur.debug.xcconfig */,
				CE37EA12C7E5E81D1F58AD3F /* Pods-Poplur.release.xcconfig */,
			);
			name = Pods;
			sourceTree = "<group>";
		};
/* End PBXGroup section */

/* Begin PBXNativeTarget section */
		666EB7B21DD812F000F67EC3 /* Poplur */ = {
			isa = PBXNativeTarget;
			buildConfigurationList = 666EB7C51DD812F100F67EC3 /* Build configuration list for PBXNativeTarget "Poplur" */;
			buildPhases = (
				82E7345A743C2C62EC594B1F /* [CP] Check Pods Manifest.lock */,
				666EB7AF1DD812F000F67EC3 /* Sources */,
				666EB7B01DD812F000F67EC3 /* Frameworks */,
				666EB7B11DD812F000F67EC3 /* Resources */,
				0F51FF7DB32121391E3E721E /* [CP] Embed Pods Frameworks */,
				FF46042B1325D192C1718F5D /* [CP] Copy Pods Resources */,
			);
			buildRules = (
			);
			dependencies = (
			);
			name = Poplur;
			productName = Poplur;
			productReference = 666EB7B31DD812F100F67EC3 /* Poplur.app */;
			productType = "com.apple.product-type.application";
		};
/* End PBXNativeTarget section */

/* Begin PBXProject section */
		666EB7AB1DD812F000F67EC3 /* Project object */ = {
			isa = PBXProject;
			attributes = {
				LastSwiftUpdateCheck = 0810;
				LastUpgradeCheck = 0820;
				ORGANIZATIONNAME = Apptist;
				TargetAttributes = {
					666EB7B21DD812F000F67EC3 = {
						CreatedOnToolsVersion = 8.1;
						DevelopmentTeam = VDQS4882Z8;
						ProvisioningStyle = Automatic;
					};
				};
			};
			buildConfigurationList = 666EB7AE1DD812F000F67EC3 /* Build configuration list for PBXProject "Poplur" */;
			compatibilityVersion = "Xcode 3.2";
			developmentRegion = English;
			hasScannedForEncodings = 0;
			knownRegions = (
				en,
				Base,
			);
			mainGroup = 666EB7AA1DD812F000F67EC3;
			productRefGroup = 666EB7B41DD812F100F67EC3 /* Products */;
			projectDirPath = "";
			projectRoot = "";
			targets = (
				666EB7B21DD812F000F67EC3 /* Poplur */,
			);
		};
/* End PBXProject section */

/* Begin PBXResourcesBuildPhase section */
		666EB7B11DD812F000F67EC3 /* Resources */ = {
			isa = PBXResourcesBuildPhase;
			buildActionMask = 2147483647;
			files = (
				666EB8121DD9605700F67EC3 /* login@3x.png in Resources */,
				66705F851E26CE760040939A /* Icon@2x.png in Resources */,
				666EB80F1DD9605700F67EC3 /* bitmap@3x.png in Resources */,
				66208E6A1E354A8800913D3C /* iconCheck@2x.png in Resources */,
				666EB80E1DD9605700F67EC3 /* bitmap@2x.png in Resources */,
				66705F821E26CE760040939A /* Icon-Small@2x.png in Resources */,
				66183FDF1E2C12F400E984EB /* mailIcon@2x.png in Resources */,
				66208E5A1E353BCC00913D3C /* checkmark@2x.png in Resources */,
				666EB8221DD98A3200F67EC3 /* combinedShape@2x.png in Resources */,
				666EB8111DD9605700F67EC3 /* login@2x.png in Resources */,
				666EB8131DD9605700F67EC3 /* logo.png in Resources */,
				666EB7C11DD812F100F67EC3 /* LaunchScreen.storyboard in Resources */,
				66705F7E1E26CE760040939A /* Icon-Notification@3x.png in Resources */,
				666EB8331DD98A4500F67EC3 /* uparrow.png in Resources */,
				666EB8241DD98A3200F67EC3 /* downarrow.png in Resources */,
				66705F7C1E26CE760040939A /* Icon-60@3x.png in Resources */,
				66183FDD1E2C12F400E984EB /* circleIcon@3x.png in Resources */,
				666EB8291DD98A3200F67EC3 /* leftarrow@3x.png in Resources */,
				66705F811E26CE760040939A /* Icon-Small.png in Resources */,
				666EB7D81DD84F7000F67EC3 /* Myriad-Pro-Semibold_31650.ttf in Resources */,
				666EB8271DD98A3200F67EC3 /* leftarrow.png in Resources */,
				666EB80D1DD9605700F67EC3 /* bitmap.png in Resources */,
				666EB8321DD98A4500F67EC3 /* rightarrow@3x.png in Resources */,
				66208E5B1E353BCC00913D3C /* checkmark@3x.png in Resources */,
				66208E691E354A8800913D3C /* iconCheck.png in Resources */,
				66FEE8141E26D95D001C3B2F /* Main.storyboard in Resources */,
				666EB8281DD98A3200F67EC3 /* leftarrow@2x.png in Resources */,
				666EB8251DD98A3200F67EC3 /* downarrow@2x.png in Resources */,
				663646861DE2E9B000E6D719 /* forgotPw@2x.png in Resources */,
				66183FE01E2C12F400E984EB /* mailIcon@3x.png in Resources */,
				66705F7B1E26CE760040939A /* Icon-60@2x.png in Resources */,
				666EB7D91DD84F7200F67EC3 /* Myriad-Pro-Condensed_31633.ttf in Resources */,
				666EB8101DD9605700F67EC3 /* login.png in Resources */,
				666EB8261DD98A3200F67EC3 /* downarrow@3x.png in Resources */,
				666EB8211DD98A3200F67EC3 /* combinedShape.png in Resources */,
				6636467A1DE25C7B00E6D719 /* popSound.mp3 in Resources */,
				663646761DE2539800E6D719 /* pop.mp3 in Resources */,
				666EB8351DD98A4500F67EC3 /* uparrow@3x.png in Resources */,
				66705F7D1E26CE760040939A /* Icon-Notification@2x.png in Resources */,
				666EB8151DD9605700F67EC3 /* logo@3x.png in Resources */,
				92FD3EB51DE53251009341C9 /* GoogleService-Info.plist in Resources */,
				666EB8141DD9605700F67EC3 /* logo@2x.png in Resources */,
				66183FDC1E2C12F400E984EB /* circleIcon@2x.png in Resources */,
				66183FDB1E2C12F400E984EB /* circleIcon.png in Resources */,
				66705F801E26CE760040939A /* Icon-Small-40@3x.png in Resources */,
				66208E591E353BCC00913D3C /* checkmark.png in Resources */,
				66183FDE1E2C12F400E984EB /* mailIcon.png in Resources */,
				66705F7F1E26CE760040939A /* Icon-Small-40@2x.png in Resources */,
				666EB7CE1DD8137A00F67EC3 /* apptist logo.png in Resources */,
				66705F841E26CE760040939A /* Icon.png in Resources */,
				666EB7BE1DD812F100F67EC3 /* Assets.xcassets in Resources */,
				666EB8301DD98A4500F67EC3 /* rightarrow.png in Resources */,
				663646831DE2E9A100E6D719 /* forgotPw.png in Resources */,
				663646871DE2E9B000E6D719 /* forgotPw@3x.png in Resources */,
				666EB8341DD98A4500F67EC3 /* uparrow@2x.png in Resources */,
				666EB7F91DD95C7D00F67EC3 /* apptist logo.png in Resources */,
				66705F831E26CE760040939A /* Icon-Small@3x.png in Resources */,
				66208E6B1E354A8800913D3C /* iconCheck@3x.png in Resources */,
				666EB8231DD98A3200F67EC3 /* combinedShape@3x.png in Resources */,
				666EB8311DD98A4500F67EC3 /* rightarrow@2x.png in Resources */,
			);
			runOnlyForDeploymentPostprocessing = 0;
		};
/* End PBXResourcesBuildPhase section */

/* Begin PBXShellScriptBuildPhase section */
		0F51FF7DB32121391E3E721E /* [CP] Embed Pods Frameworks */ = {
			isa = PBXShellScriptBuildPhase;
			buildActionMask = 2147483647;
			files = (
			);
			inputPaths = (
			);
			name = "[CP] Embed Pods Frameworks";
			outputPaths = (
			);
			runOnlyForDeploymentPostprocessing = 0;
			shellPath = /bin/sh;
			shellScript = "\"${SRCROOT}/Pods/Target Support Files/Pods-Poplur/Pods-Poplur-frameworks.sh\"\n";
			showEnvVarsInLog = 0;
		};
		82E7345A743C2C62EC594B1F /* [CP] Check Pods Manifest.lock */ = {
			isa = PBXShellScriptBuildPhase;
			buildActionMask = 2147483647;
			files = (
			);
			inputPaths = (
			);
			name = "[CP] Check Pods Manifest.lock";
			outputPaths = (
			);
			runOnlyForDeploymentPostprocessing = 0;
			shellPath = /bin/sh;
			shellScript = "diff \"${PODS_ROOT}/../Podfile.lock\" \"${PODS_ROOT}/Manifest.lock\" > /dev/null\nif [ $? != 0 ] ; then\n    # print error to STDERR\n    echo \"error: The sandbox is not in sync with the Podfile.lock. Run 'pod install' or update your CocoaPods installation.\" >&2\n    exit 1\nfi\n";
			showEnvVarsInLog = 0;
		};
		FF46042B1325D192C1718F5D /* [CP] Copy Pods Resources */ = {
			isa = PBXShellScriptBuildPhase;
			buildActionMask = 2147483647;
			files = (
			);
			inputPaths = (
			);
			name = "[CP] Copy Pods Resources";
			outputPaths = (
			);
			runOnlyForDeploymentPostprocessing = 0;
			shellPath = /bin/sh;
			shellScript = "\"${SRCROOT}/Pods/Target Support Files/Pods-Poplur/Pods-Poplur-resources.sh\"\n";
			showEnvVarsInLog = 0;
		};
/* End PBXShellScriptBuildPhase section */

/* Begin PBXSourcesBuildPhase section */
		666EB7AF1DD812F000F67EC3 /* Sources */ = {
			isa = PBXSourcesBuildPhase;
			buildActionMask = 2147483647;
			files = (
				92F4B8791DE533E900048EB2 /* User.swift in Sources */,
				66183FD41E29A1D600E984EB /* ProfileScreen.swift in Sources */,
				668720081DE9116300696140 /* UIBannerView.swift in Sources */,
				92F4B87F1DE5344400048EB2 /* AfterPostView.swift in Sources */,
				666EB7B91DD812F100F67EC3 /* HomeScreen.swift in Sources */,
				9298DE261DE3B25600A4598F /* CameraVC.swift in Sources */,
				92F4B87D1DE5342100048EB2 /* PhotoCaptureDelegate.swift in Sources */,
				666EB7E61DD94C3400F67EC3 /* PoplurRemote.swift in Sources */,
				666EB7B71DD812F100F67EC3 /* AppDelegate.swift in Sources */,
				663646811DE2E6CE00E6D719 /* SignUpScreen.swift in Sources */,
				66208E5F1E3544CD00913D3C /* CustomTextFieldContainer.swift in Sources */,
				92FD3EB31DE531C8009341C9 /* DataService.swift in Sources */,
				66FEE8181E26DA75001C3B2F /* CameraVCCopy.swift in Sources */,
				666EB7E01DD851A000F67EC3 /* CircleButton.swift in Sources */,
				66ADCB011E05C5C6007B331D /* PoplurScreenManager.swift in Sources */,
				666EB7E41DD94BA600F67EC3 /* PoplurScreen.swift in Sources */,
				66208E611E35450B00913D3C /* Validator.swift in Sources */,
				66208E5D1E35447400913D3C /* ErrorHandler.swift in Sources */,
				92F4B87B1DE533FD00048EB2 /* PreviewView.swift in Sources */,
				92FD3EB11DE531B3009341C9 /* AuthService.swift in Sources */,
				92F4B8771DE533D500048EB2 /* AssetUploadingDelegate.swift in Sources */,
				66FEE8161E26DA6A001C3B2F /* CameraViewController.swift in Sources */,
				666EB8171DD966F800F67EC3 /* UIExtensions.swift in Sources */,
				66208E651E35455800913D3C /* LabelCustomSpacing.swift in Sources */,
				6636467C1DE26AF400E6D719 /* LogInScreen.swift in Sources */,
				66208E631E35453600913D3C /* MessageView.swift in Sources */,
			);
			runOnlyForDeploymentPostprocessing = 0;
		};
/* End PBXSourcesBuildPhase section */

/* Begin PBXVariantGroup section */
		666EB7BF1DD812F100F67EC3 /* LaunchScreen.storyboard */ = {
			isa = PBXVariantGroup;
			children = (
				666EB7C01DD812F100F67EC3 /* Base */,
			);
			name = LaunchScreen.storyboard;
			sourceTree = "<group>";
		};
/* End PBXVariantGroup section */

/* Begin XCBuildConfiguration section */
		666EB7C31DD812F100F67EC3 /* Debug */ = {
			isa = XCBuildConfiguration;
			buildSettings = {
				ALWAYS_SEARCH_USER_PATHS = NO;
				CLANG_ANALYZER_NONNULL = YES;
				CLANG_CXX_LANGUAGE_STANDARD = "gnu++0x";
				CLANG_CXX_LIBRARY = "libc++";
				CLANG_ENABLE_MODULES = YES;
				CLANG_ENABLE_OBJC_ARC = YES;
				CLANG_WARN_BOOL_CONVERSION = YES;
				CLANG_WARN_CONSTANT_CONVERSION = YES;
				CLANG_WARN_DIRECT_OBJC_ISA_USAGE = YES_ERROR;
				CLANG_WARN_DOCUMENTATION_COMMENTS = YES;
				CLANG_WARN_EMPTY_BODY = YES;
				CLANG_WARN_ENUM_CONVERSION = YES;
				CLANG_WARN_INFINITE_RECURSION = YES;
				CLANG_WARN_INT_CONVERSION = YES;
				CLANG_WARN_OBJC_ROOT_CLASS = YES_ERROR;
				CLANG_WARN_SUSPICIOUS_MOVE = YES;
				CLANG_WARN_SUSPICIOUS_MOVES = YES;
				CLANG_WARN_UNREACHABLE_CODE = YES;
				CLANG_WARN__DUPLICATE_METHOD_MATCH = YES;
				"CODE_SIGN_IDENTITY[sdk=iphoneos*]" = "iPhone Developer";
				COPY_PHASE_STRIP = NO;
				DEBUG_INFORMATION_FORMAT = dwarf;
				ENABLE_STRICT_OBJC_MSGSEND = YES;
				ENABLE_TESTABILITY = YES;
				GCC_C_LANGUAGE_STANDARD = gnu99;
				GCC_DYNAMIC_NO_PIC = NO;
				GCC_NO_COMMON_BLOCKS = YES;
				GCC_OPTIMIZATION_LEVEL = 0;
				GCC_PREPROCESSOR_DEFINITIONS = (
					"DEBUG=1",
					"$(inherited)",
				);
				GCC_WARN_64_TO_32_BIT_CONVERSION = YES;
				GCC_WARN_ABOUT_RETURN_TYPE = YES_ERROR;
				GCC_WARN_UNDECLARED_SELECTOR = YES;
				GCC_WARN_UNINITIALIZED_AUTOS = YES_AGGRESSIVE;
				GCC_WARN_UNUSED_FUNCTION = YES;
				GCC_WARN_UNUSED_VARIABLE = YES;
				IPHONEOS_DEPLOYMENT_TARGET = 10.1;
				MTL_ENABLE_DEBUG_INFO = YES;
				ONLY_ACTIVE_ARCH = YES;
				SDKROOT = iphoneos;
				SWIFT_ACTIVE_COMPILATION_CONDITIONS = DEBUG;
				SWIFT_OPTIMIZATION_LEVEL = "-Onone";
				TARGETED_DEVICE_FAMILY = "1,2";
			};
			name = Debug;
		};
		666EB7C41DD812F100F67EC3 /* Release */ = {
			isa = XCBuildConfiguration;
			buildSettings = {
				ALWAYS_SEARCH_USER_PATHS = NO;
				CLANG_ANALYZER_NONNULL = YES;
				CLANG_CXX_LANGUAGE_STANDARD = "gnu++0x";
				CLANG_CXX_LIBRARY = "libc++";
				CLANG_ENABLE_MODULES = YES;
				CLANG_ENABLE_OBJC_ARC = YES;
				CLANG_WARN_BOOL_CONVERSION = YES;
				CLANG_WARN_CONSTANT_CONVERSION = YES;
				CLANG_WARN_DIRECT_OBJC_ISA_USAGE = YES_ERROR;
				CLANG_WARN_DOCUMENTATION_COMMENTS = YES;
				CLANG_WARN_EMPTY_BODY = YES;
				CLANG_WARN_ENUM_CONVERSION = YES;
				CLANG_WARN_INFINITE_RECURSION = YES;
				CLANG_WARN_INT_CONVERSION = YES;
				CLANG_WARN_OBJC_ROOT_CLASS = YES_ERROR;
				CLANG_WARN_SUSPICIOUS_MOVE = YES;
				CLANG_WARN_SUSPICIOUS_MOVES = YES;
				CLANG_WARN_UNREACHABLE_CODE = YES;
				CLANG_WARN__DUPLICATE_METHOD_MATCH = YES;
				"CODE_SIGN_IDENTITY[sdk=iphoneos*]" = "iPhone Developer";
				COPY_PHASE_STRIP = NO;
				DEBUG_INFORMATION_FORMAT = "dwarf-with-dsym";
				ENABLE_NS_ASSERTIONS = NO;
				ENABLE_STRICT_OBJC_MSGSEND = YES;
				GCC_C_LANGUAGE_STANDARD = gnu99;
				GCC_NO_COMMON_BLOCKS = YES;
				GCC_WARN_64_TO_32_BIT_CONVERSION = YES;
				GCC_WARN_ABOUT_RETURN_TYPE = YES_ERROR;
				GCC_WARN_UNDECLARED_SELECTOR = YES;
				GCC_WARN_UNINITIALIZED_AUTOS = YES_AGGRESSIVE;
				GCC_WARN_UNUSED_FUNCTION = YES;
				GCC_WARN_UNUSED_VARIABLE = YES;
				IPHONEOS_DEPLOYMENT_TARGET = 10.1;
				MTL_ENABLE_DEBUG_INFO = NO;
				SDKROOT = iphoneos;
				SWIFT_OPTIMIZATION_LEVEL = "-Owholemodule";
				TARGETED_DEVICE_FAMILY = "1,2";
				VALIDATE_PRODUCT = YES;
			};
			name = Release;
		};
		666EB7C61DD812F100F67EC3 /* Debug */ = {
			isa = XCBuildConfiguration;
			baseConfigurationReference = BE16A0DFFEE7307652C33F12 /* Pods-Poplur.debug.xcconfig */;
			buildSettings = {
				ASSETCATALOG_COMPILER_APPICON_NAME = AppIcon;
				"CODE_SIGN_IDENTITY[sdk=iphoneos*]" = "iPhone Developer";
				DEVELOPMENT_TEAM = VDQS4882Z8;
				INFOPLIST_FILE = Poplur/Info.plist;
				LD_RUNPATH_SEARCH_PATHS = "$(inherited) @executable_path/Frameworks";
				PRODUCT_BUNDLE_IDENTIFIER = Apptist.Poplur;
				PRODUCT_NAME = "$(TARGET_NAME)";
				SWIFT_VERSION = 3.0;
				TARGETED_DEVICE_FAMILY = "1,2";
			};
			name = Debug;
		};
		666EB7C71DD812F100F67EC3 /* Release */ = {
			isa = XCBuildConfiguration;
			baseConfigurationReference = CE37EA12C7E5E81D1F58AD3F /* Pods-Poplur.release.xcconfig */;
			buildSettings = {
				ASSETCATALOG_COMPILER_APPICON_NAME = AppIcon;
				"CODE_SIGN_IDENTITY[sdk=iphoneos*]" = "iPhone Developer";
				DEVELOPMENT_TEAM = VDQS4882Z8;
				INFOPLIST_FILE = Poplur/Info.plist;
				LD_RUNPATH_SEARCH_PATHS = "$(inherited) @executable_path/Frameworks";
				PRODUCT_BUNDLE_IDENTIFIER = Apptist.Poplur;
				PRODUCT_NAME = "$(TARGET_NAME)";
				SWIFT_VERSION = 3.0;
				TARGETED_DEVICE_FAMILY = "1,2";
			};
			name = Release;
		};
/* End XCBuildConfiguration section */

/* Begin XCConfigurationList section */
		666EB7AE1DD812F000F67EC3 /* Build configuration list for PBXProject "Poplur" */ = {
			isa = XCConfigurationList;
			buildConfigurations = (
				666EB7C31DD812F100F67EC3 /* Debug */,
				666EB7C41DD812F100F67EC3 /* Release */,
			);
			defaultConfigurationIsVisible = 0;
			defaultConfigurationName = Release;
		};
		666EB7C51DD812F100F67EC3 /* Build configuration list for PBXNativeTarget "Poplur" */ = {
			isa = XCConfigurationList;
			buildConfigurations = (
				666EB7C61DD812F100F67EC3 /* Debug */,
				666EB7C71DD812F100F67EC3 /* Release */,
			);
			defaultConfigurationIsVisible = 0;
			defaultConfigurationName = Release;
		};
/* End XCConfigurationList section */
	};
	rootObject = 666EB7AB1DD812F000F67EC3 /* Project object */;
}
